// !$*UTF8*$!
{
	archiveVersion = 1;
	classes = {
	};
	objectVersion = 48;
	objects = {

/* Begin PBXBuildFile section */
		4A3AB9BA203B904800673916 /* AddCanidateViewController.swift in Sources */ = {isa = PBXBuildFile; fileRef = 4A3AB9B9203B904800673916 /* AddCanidateViewController.swift */; };
		4A3AB9BC203B9A1600673916 /* CanidatesTableViewController.swift in Sources */ = {isa = PBXBuildFile; fileRef = 4A3AB9BB203B9A1600673916 /* CanidatesTableViewController.swift */; };
		4A3AB9BE203B9AC900673916 /* CanidateInfoViewController.swift in Sources */ = {isa = PBXBuildFile; fileRef = 4A3AB9BD203B9AC900673916 /* CanidateInfoViewController.swift */; };
		4A9C9766203A516000084E25 /* AppDelegate.swift in Sources */ = {isa = PBXBuildFile; fileRef = 4A9C9765203A516000084E25 /* AppDelegate.swift */; };
		4A9C976B203A516000084E25 /* Main.storyboard in Resources */ = {isa = PBXBuildFile; fileRef = 4A9C9769203A516000084E25 /* Main.storyboard */; };
		4A9C976E203A516000084E25 /* TschidaTrace_hw5.xcdatamodeld in Sources */ = {isa = PBXBuildFile; fileRef = 4A9C976C203A516000084E25 /* TschidaTrace_hw5.xcdatamodeld */; };
		4A9C9770203A516000084E25 /* Assets.xcassets in Resources */ = {isa = PBXBuildFile; fileRef = 4A9C976F203A516000084E25 /* Assets.xcassets */; };
		4A9C9773203A516000084E25 /* LaunchScreen.storyboard in Resources */ = {isa = PBXBuildFile; fileRef = 4A9C9771203A516000084E25 /* LaunchScreen.storyboard */; };
		4A9C977B203A522200084E25 /* HomeViewController.swift in Sources */ = {isa = PBXBuildFile; fileRef = 4A9C977A203A522200084E25 /* HomeViewController.swift */; };
		4ACEC8B6203B57F200C21182 /* DbContext.swift in Sources */ = {isa = PBXBuildFile; fileRef = 4ACEC8B5203B57F200C21182 /* DbContext.swift */; };
/* End PBXBuildFile section */

/* Begin PBXFileReference section */
		4A3AB9B9203B904800673916 /* AddCanidateViewController.swift */ = {isa = PBXFileReference; lastKnownFileType = sourcecode.swift; path = AddCanidateViewController.swift; sourceTree = "<group>"; };
		4A3AB9BB203B9A1600673916 /* CanidatesTableViewController.swift */ = {isa = PBXFileReference; lastKnownFileType = sourcecode.swift; path = CanidatesTableViewController.swift; sourceTree = "<group>"; };
		4A3AB9BD203B9AC900673916 /* CanidateInfoViewController.swift */ = {isa = PBXFileReference; lastKnownFileType = sourcecode.swift; path = CanidateInfoViewController.swift; sourceTree = "<group>"; };
		4A9C9762203A516000084E25 /* TschidaTrace-hw5.app */ = {isa = PBXFileReference; explicitFileType = wrapper.application; includeInIndex = 0; path = "TschidaTrace-hw5.app"; sourceTree = BUILT_PRODUCTS_DIR; };
		4A9C9765203A516000084E25 /* AppDelegate.swift */ = {isa = PBXFileReference; lastKnownFileType = sourcecode.swift; path = AppDelegate.swift; sourceTree = "<group>"; };
		4A9C976A203A516000084E25 /* Base */ = {isa = PBXFileReference; lastKnownFileType = file.storyboard; name = Base; path = Base.lproj/Main.storyboard; sourceTree = "<group>"; };
		4A9C976D203A516000084E25 /* TschidaTrace_hw5.xcdatamodel */ = {isa = PBXFileReference; lastKnownFileType = wrapper.xcdatamodel; path = TschidaTrace_hw5.xcdatamodel; sourceTree = "<group>"; };
		4A9C976F203A516000084E25 /* Assets.xcassets */ = {isa = PBXFileReference; lastKnownFileType = folder.assetcatalog; path = Assets.xcassets; sourceTree = "<group>"; };
		4A9C9772203A516000084E25 /* Base */ = {isa = PBXFileReference; lastKnownFileType = file.storyboard; name = Base; path = Base.lproj/LaunchScreen.storyboard; sourceTree = "<group>"; };
		4A9C9774203A516000084E25 /* Info.plist */ = {isa = PBXFileReference; lastKnownFileType = text.plist.xml; path = Info.plist; sourceTree = "<group>"; };
		4A9C977A203A522200084E25 /* HomeViewController.swift */ = {isa = PBXFileReference; lastKnownFileType = sourcecode.swift; path = HomeViewController.swift; sourceTree = "<group>"; };
		4ACEC8B5203B57F200C21182 /* DbContext.swift */ = {isa = PBXFileReference; lastKnownFileType = sourcecode.swift; name = DbContext.swift; path = Assets.xcassets/DbContext.swift; sourceTree = "<group>"; };
/* End PBXFileReference section */

/* Begin PBXFrameworksBuildPhase section */
		4A9C975F203A516000084E25 /* Frameworks */ = {
			isa = PBXFrameworksBuildPhase;
			buildActionMask = 2147483647;
			files = (
			);
			runOnlyForDeploymentPostprocessing = 0;
		};
/* End PBXFrameworksBuildPhase section */

/* Begin PBXGroup section */
		4A9C9759203A516000084E25 = {
			isa = PBXGroup;
			children = (
				4A9C9764203A516000084E25 /* TschidaTrace-hw5 */,
				4A9C9763203A516000084E25 /* Products */,
			);
			sourceTree = "<group>";
		};
		4A9C9763203A516000084E25 /* Products */ = {
			isa = PBXGroup;
			children = (
				4A9C9762203A516000084E25 /* TschidaTrace-hw5.app */,
			);
			name = Products;
			sourceTree = "<group>";
		};
		4A9C9764203A516000084E25 /* TschidaTrace-hw5 */ = {
			isa = PBXGroup;
			children = (
				4A9C9765203A516000084E25 /* AppDelegate.swift */,
				4A9C977A203A522200084E25 /* HomeViewController.swift */,
				4A3AB9B9203B904800673916 /* AddCanidateViewController.swift */,
				4A3AB9BD203B9AC900673916 /* CanidateInfoViewController.swift */,
				4A3AB9BB203B9A1600673916 /* CanidatesTableViewController.swift */,
				4A9C9769203A516000084E25 /* Main.storyboard */,
				4A9C976F203A516000084E25 /* Assets.xcassets */,
				4A9C9771203A516000084E25 /* LaunchScreen.storyboard */,
				4A9C9774203A516000084E25 /* Info.plist */,
				4A9C976C203A516000084E25 /* TschidaTrace_hw5.xcdatamodeld */,
				4ACEC8B5203B57F200C21182 /* DbContext.swift */,
			);
			path = "TschidaTrace-hw5";
			sourceTree = "<group>";
		};
/* End PBXGroup section */

/* Begin PBXNativeTarget section */
		4A9C9761203A516000084E25 /* TschidaTrace-hw5 */ = {
			isa = PBXNativeTarget;
			buildConfigurationList = 4A9C9777203A516000084E25 /* Build configuration list for PBXNativeTarget "TschidaTrace-hw5" */;
			buildPhases = (
				4A9C975E203A516000084E25 /* Sources */,
				4A9C975F203A516000084E25 /* Frameworks */,
				4A9C9760203A516000084E25 /* Resources */,
			);
			buildRules = (
			);
			dependencies = (
			);
			name = "TschidaTrace-hw5";
			productName = "TschidaTrace-hw5";
			productReference = 4A9C9762203A516000084E25 /* TschidaTrace-hw5.app */;
			productType = "com.apple.product-type.application";
		};
/* End PBXNativeTarget section */

/* Begin PBXProject section */
		4A9C975A203A516000084E25 /* Project object */ = {
			isa = PBXProject;
			attributes = {
				LastSwiftUpdateCheck = 0920;
				LastUpgradeCheck = 0920;
				ORGANIZATIONNAME = tracetschida_cs329;
				TargetAttributes = {
					4A9C9761203A516000084E25 = {
						CreatedOnToolsVersion = 9.2;
						ProvisioningStyle = Automatic;
					};
				};
			};
			buildConfigurationList = 4A9C975D203A516000084E25 /* Build configuration list for PBXProject "TschidaTrace-hw5" */;
			compatibilityVersion = "Xcode 8.0";
			developmentRegion = en;
			hasScannedForEncodings = 0;
			knownRegions = (
				en,
				Base,
			);
			mainGroup = 4A9C9759203A516000084E25;
			productRefGroup = 4A9C9763203A516000084E25 /* Products */;
			projectDirPath = "";
			projectRoot = "";
			targets = (
				4A9C9761203A516000084E25 /* TschidaTrace-hw5 */,
			);
		};
/* End PBXProject section */

/* Begin PBXResourcesBuildPhase section */
		4A9C9760203A516000084E25 /* Resources */ = {
			isa = PBXResourcesBuildPhase;
			buildActionMask = 2147483647;
			files = (
				4A9C9773203A516000084E25 /* LaunchScreen.storyboard in Resources */,
				4A9C9770203A516000084E25 /* Assets.xcassets in Resources */,
				4A9C976B203A516000084E25 /* Main.storyboard in Resources */,
			);
			runOnlyForDeploymentPostprocessing = 0;
		};
/* End PBXResourcesBuildPhase section */

/* Begin PBXSourcesBuildPhase section */
		4A9C975E203A516000084E25 /* Sources */ = {
			isa = PBXSourcesBuildPhase;
			buildActionMask = 2147483647;
			files = (
				4A3AB9BE203B9AC900673916 /* CanidateInfoViewController.swift in Sources */,
				4A9C9766203A516000084E25 /* AppDelegate.swift in Sources */,
				4ACEC8B6203B57F200C21182 /* DbContext.swift in Sources */,
				4A9C976E203A516000084E25 /* TschidaTrace_hw5.xcdatamodeld in Sources */,
				4A3AB9BA203B904800673916 /* AddCanidateViewController.swift in Sources */,
				4A3AB9BC203B9A1600673916 /* CanidatesTableViewController.swift in Sources */,
				4A9C977B203A522200084E25 /* HomeViewController.swift in Sources */,
			);
			runOnlyForDeploymentPostprocessing = 0;
		};
/* End PBXSourcesBuildPhase section */

/* Begin PBXVariantGroup section */
		4A9C9769203A516000084E25 /* Main.storyboard */ = {
			isa = PBXVariantGroup;
			children = (
				4A9C976A203A516000084E25 /* Base */,
			);
			name = Main.storyboard;
			sourceTree = "<group>";
		};
		4A9C9771203A516000084E25 /* LaunchScreen.storyboard */ = {
			isa = PBXVariantGroup;
			children = (
				4A9C9772203A516000084E25 /* Base */,
			);
			name = LaunchScreen.storyboard;
			sourceTree = "<group>";
		};
/* End PBXVariantGroup section */

/* Begin XCBuildConfiguration section */
		4A9C9775203A516000084E25 /* Debug */ = {
			isa = XCBuildConfiguration;
			buildSettings = {
				ALWAYS_SEARCH_USER_PATHS = NO;
				CLANG_ANALYZER_NONNULL = YES;
				CLANG_ANALYZER_NUMBER_OBJECT_CONVERSION = YES_AGGRESSIVE;
				CLANG_CXX_LANGUAGE_STANDARD = "gnu++14";
				CLANG_CXX_LIBRARY = "libc++";
				CLANG_ENABLE_MODULES = YES;
				CLANG_ENABLE_OBJC_ARC = YES;
				CLANG_WARN_BLOCK_CAPTURE_AUTORELEASING = YES;
				CLANG_WARN_BOOL_CONVERSION = YES;
				CLANG_WARN_COMMA = YES;
				CLANG_WARN_CONSTANT_CONVERSION = YES;
				CLANG_WARN_DIRECT_OBJC_ISA_USAGE = YES_ERROR;
				CLANG_WARN_DOCUMENTATION_COMMENTS = YES;
				CLANG_WARN_EMPTY_BODY = YES;
				CLANG_WARN_ENUM_CONVERSION = YES;
				CLANG_WARN_INFINITE_RECURSION = YES;
				CLANG_WARN_INT_CONVERSION = YES;
				CLANG_WARN_NON_LITERAL_NULL_CONVERSION = YES;
				CLANG_WARN_OBJC_LITERAL_CONVERSION = YES;
				CLANG_WARN_OBJC_ROOT_CLASS = YES_ERROR;
				CLANG_WARN_RANGE_LOOP_ANALYSIS = YES;
				CLANG_WARN_STRICT_PROTOTYPES = YES;
				CLANG_WARN_SUSPICIOUS_MOVE = YES;
				CLANG_WARN_UNGUARDED_AVAILABILITY = YES_AGGRESSIVE;
				CLANG_WARN_UNREACHABLE_CODE = YES;
				CLANG_WARN__DUPLICATE_METHOD_MATCH = YES;
				CODE_SIGN_IDENTITY = "iPhone Developer";
				COPY_PHASE_STRIP = NO;
				DEBUG_INFORMATION_FORMAT = dwarf;
				ENABLE_STRICT_OBJC_MSGSEND = YES;
				ENABLE_TESTABILITY = YES;
				GCC_C_LANGUAGE_STANDARD = gnu11;
				GCC_DYNAMIC_NO_PIC = NO;
				GCC_NO_COMMON_BLOCKS = YES;
				GCC_OPTIMIZATION_LEVEL = 0;
				GCC_PREPROCESSOR_DEFINITIONS = (
					"DEBUG=1",
					"$(inherited)",
				);
				GCC_WARN_64_TO_32_BIT_CONVERSION = YES;
				GCC_WARN_ABOUT_RETURN_TYPE = YES_ERROR;
				GCC_WARN_UNDECLARED_SELECTOR = YES;
				GCC_WARN_UNINITIALIZED_AUTOS = YES_AGGRESSIVE;
				GCC_WARN_UNUSED_FUNCTION = YES;
				GCC_WARN_UNUSED_VARIABLE = YES;
				IPHONEOS_DEPLOYMENT_TARGET = 11.2;
				MTL_ENABLE_DEBUG_INFO = YES;
				ONLY_ACTIVE_ARCH = YES;
				SDKROOT = iphoneos;
				SWIFT_ACTIVE_COMPILATION_CONDITIONS = DEBUG;
				SWIFT_OPTIMIZATION_LEVEL = "-Onone";
			};
			name = Debug;
		};
		4A9C9776203A516000084E25 /* Release */ = {
			isa = XCBuildConfiguration;
			buildSettings = {
				ALWAYS_SEARCH_USER_PATHS = NO;
				CLANG_ANALYZER_NONNULL = YES;
				CLANG_ANALYZER_NUMBER_OBJECT_CONVERSION = YES_AGGRESSIVE;
				CLANG_CXX_LANGUAGE_STANDARD = "gnu++14";
				CLANG_CXX_LIBRARY = "libc++";
				CLANG_ENABLE_MODULES = YES;
				CLANG_ENABLE_OBJC_ARC = YES;
				CLANG_WARN_BLOCK_CAPTURE_AUTORELEASING = YES;
				CLANG_WARN_BOOL_CONVERSION = YES;
				CLANG_WARN_COMMA = YES;
				CLANG_WARN_CONSTANT_CONVERSION = YES;
				CLANG_WARN_DIRECT_OBJC_ISA_USAGE = YES_ERROR;
				CLANG_WARN_DOCUMENTATION_COMMENTS = YES;
				CLANG_WARN_EMPTY_BODY = YES;
				CLANG_WARN_ENUM_CONVERSION = YES;
				CLANG_WARN_INFINITE_RECURSION = YES;
				CLANG_WARN_INT_CONVERSION = YES;
				CLANG_WARN_NON_LITERAL_NULL_CONVERSION = YES;
				CLANG_WARN_OBJC_LITERAL_CONVERSION = YES;
				CLANG_WARN_OBJC_ROOT_CLASS = YES_ERROR;
				CLANG_WARN_RANGE_LOOP_ANALYSIS = YES;
				CLANG_WARN_STRICT_PROTOTYPES = YES;
				CLANG_WARN_SUSPICIOUS_MOVE = YES;
				CLANG_WARN_UNGUARDED_AVAILABILITY = YES_AGGRESSIVE;
				CLANG_WARN_UNREACHABLE_CODE = YES;
				CLANG_WARN__DUPLICATE_METHOD_MATCH = YES;
				CODE_SIGN_IDENTITY = "iPhone Developer";
				COPY_PHASE_STRIP = NO;
				DEBUG_INFORMATION_FORMAT = "dwarf-with-dsym";
				ENABLE_NS_ASSERTIONS = NO;
				ENABLE_STRICT_OBJC_MSGSEND = YES;
				GCC_C_LANGUAGE_STANDARD = gnu11;
				GCC_NO_COMMON_BLOCKS = YES;
				GCC_WARN_64_TO_32_BIT_CONVERSION = YES;
				GCC_WARN_ABOUT_RETURN_TYPE = YES_ERROR;
				GCC_WARN_UNDECLARED_SELECTOR = YES;
				GCC_WARN_UNINITIALIZED_AUTOS = YES_AGGRESSIVE;
				GCC_WARN_UNUSED_FUNCTION = YES;
				GCC_WARN_UNUSED_VARIABLE = YES;
				IPHONEOS_DEPLOYMENT_TARGET = 11.2;
				MTL_ENABLE_DEBUG_INFO = NO;
				SDKROOT = iphoneos;
				SWIFT_OPTIMIZATION_LEVEL = "-Owholemodule";
				VALIDATE_PRODUCT = YES;
			};
			name = Release;
		};
		4A9C9778203A516000084E25 /* Debug */ = {
			isa = XCBuildConfiguration;
			buildSettings = {
				ASSETCATALOG_COMPILER_APPICON_NAME = AppIcon;
				CODE_SIGN_STYLE = Automatic;
				INFOPLIST_FILE = "TschidaTrace-hw5/Info.plist";
				LD_RUNPATH_SEARCH_PATHS = "$(inherited) @executable_path/Frameworks";
				PRODUCT_BUNDLE_IDENTIFIER = "com.tracetschida.TschidaTrace-hw5";
				PRODUCT_NAME = "$(TARGET_NAME)";
				SWIFT_VERSION = 4.0;
				TARGETED_DEVICE_FAMILY = "1,2";
			};
			name = Debug;
		};
		4A9C9779203A516000084E25 /* Release */ = {
			isa = XCBuildConfiguration;
			buildSettings = {
				ASSETCATALOG_COMPILER_APPICON_NAME = AppIcon;
				CODE_SIGN_STYLE = Automatic;
				INFOPLIST_FILE = "TschidaTrace-hw5/Info.plist";
				LD_RUNPATH_SEARCH_PATHS = "$(inherited) @executable_path/Frameworks";
				PRODUCT_BUNDLE_IDENTIFIER = "com.tracetschida.TschidaTrace-hw5";
				PRODUCT_NAME = "$(TARGET_NAME)";
				SWIFT_VERSION = 4.0;
				TARGETED_DEVICE_FAMILY = "1,2";
			};
			name = Release;
		};
/* End XCBuildConfiguration section */

/* Begin XCConfigurationList section */
		4A9C975D203A516000084E25 /* Build configuration list for PBXProject "TschidaTrace-hw5" */ = {
			isa = XCConfigurationList;
			buildConfigurations = (
				4A9C9775203A516000084E25 /* Debug */,
				4A9C9776203A516000084E25 /* Release */,
			);
			defaultConfigurationIsVisible = 0;
			defaultConfigurationName = Release;
		};
		4A9C9777203A516000084E25 /* Build configuration list for PBXNativeTarget "TschidaTrace-hw5" */ = {
			isa = XCConfigurationList;
			buildConfigurations = (
				4A9C9778203A516000084E25 /* Debug */,
				4A9C9779203A516000084E25 /* Release */,
			);
			defaultConfigurationIsVisible = 0;
			defaultConfigurationName = Release;
		};
/* End XCConfigurationList section */

/* Begin XCVersionGroup section */
		4A9C976C203A516000084E25 /* TschidaTrace_hw5.xcdatamodeld */ = {
			isa = XCVersionGroup;
			children = (
				4A9C976D203A516000084E25 /* TschidaTrace_hw5.xcdatamodel */,
			);
			currentVersion = 4A9C976D203A516000084E25 /* TschidaTrace_hw5.xcdatamodel */;
			path = TschidaTrace_hw5.xcdatamodeld;
			sourceTree = "<group>";
			versionGroupType = wrapper.xcdatamodel;
		};
/* End XCVersionGroup section */
	};
	rootObject = 4A9C975A203A516000084E25 /* Project object */;
}
